// !$*UTF8*$!
{
	archiveVersion = 1;
	classes = {
	};
	objectVersion = 77;
	objects = {

/* Begin PBXBuildFile section */
		BA5D4D102D620C43004355F8 /* Assets.xcassets in Resources */ = {isa = PBXBuildFile; fileRef = BA5D4D062D620C43004355F8 /* Assets.xcassets */; };
		BA5D4D122D620C43004355F8 /* LaunchScreen.storyboard in Resources */ = {isa = PBXBuildFile; fileRef = BA5D4D0A2D620C43004355F8 /* LaunchScreen.storyboard */; };
		BA5D4D132D620C43004355F8 /* Main.storyboard in Resources */ = {isa = PBXBuildFile; fileRef = BA5D4D0C2D620C43004355F8 /* Main.storyboard */; };
		BA5D4D142D620C43004355F8 /* AppDelegate.swift in Sources */ = {isa = PBXBuildFile; fileRef = BA5D4D052D620C43004355F8 /* AppDelegate.swift */; };
		BA5D4D152D620C43004355F8 /* FeedLoaderWithFallbackComposite.swift in Sources */ = {isa = PBXBuildFile; fileRef = BA5D4D072D620C43004355F8 /* FeedLoaderWithFallbackComposite.swift */; };
		BA5D4D162D620C43004355F8 /* SceneDelegate.swift in Sources */ = {isa = PBXBuildFile; fileRef = BA5D4D0D2D620C43004355F8 /* SceneDelegate.swift */; };
		BA5D4D172D620C43004355F8 /* ViewController.swift in Sources */ = {isa = PBXBuildFile; fileRef = BA5D4D0E2D620C43004355F8 /* ViewController.swift */; };
		BA5D4D1A2D620C54004355F8 /* FeedLoaderWithFallbackCompositeTests.swift in Sources */ = {isa = PBXBuildFile; fileRef = BA5D4D182D620C54004355F8 /* FeedLoaderWithFallbackCompositeTests.swift */; };
		BA5D4D1C2D620CE8004355F8 /* FeedImageDataLoaderWithFallbackCompositeTests.swift in Sources */ = {isa = PBXBuildFile; fileRef = BA5D4D1B2D620CE8004355F8 /* FeedImageDataLoaderWithFallbackCompositeTests.swift */; };
		BA5D4D1E2D622417004355F8 /* FeedImageDataLoaderWithFallbackComposite.swift in Sources */ = {isa = PBXBuildFile; fileRef = BA5D4D1D2D622417004355F8 /* FeedImageDataLoaderWithFallbackComposite.swift */; };
		BA5D4D242D622550004355F8 /* XCTestCase+MemoryLeakTracking.swift in Sources */ = {isa = PBXBuildFile; fileRef = BA5D4D222D622550004355F8 /* XCTestCase+MemoryLeakTracking.swift */; };
		BA5D4D262D622564004355F8 /* SharedTestHelpers.swift in Sources */ = {isa = PBXBuildFile; fileRef = BA5D4D252D622564004355F8 /* SharedTestHelpers.swift */; };
		BA765C702D6100CF000168F2 /* EssentialFeed.framework in Frameworks */ = {isa = PBXBuildFile; fileRef = BA765C6E2D6100CF000168F2 /* EssentialFeed.framework */; };
		BA765C712D6100CF000168F2 /* EssentialFeed.framework in Embed Frameworks */ = {isa = PBXBuildFile; fileRef = BA765C6E2D6100CF000168F2 /* EssentialFeed.framework */; settings = {ATTRIBUTES = (CodeSignOnCopy, RemoveHeadersOnCopy, ); }; };
		BA765C722D6100CF000168F2 /* EssentialFeediOS.framework in Frameworks */ = {isa = PBXBuildFile; fileRef = BA765C6F2D6100CF000168F2 /* EssentialFeediOS.framework */; };
		BA765C732D6100CF000168F2 /* EssentialFeediOS.framework in Embed Frameworks */ = {isa = PBXBuildFile; fileRef = BA765C6F2D6100CF000168F2 /* EssentialFeediOS.framework */; settings = {ATTRIBUTES = (CodeSignOnCopy, RemoveHeadersOnCopy, ); }; };
		BAEB5C642D635F9400EA25CC /* FeedLoaderCacheDecoratorTests.swift in Sources */ = {isa = PBXBuildFile; fileRef = BAEB5C632D635F9400EA25CC /* FeedLoaderCacheDecoratorTests.swift */; };
		BAEB5C662D6365C600EA25CC /* FeedLoaderStub.swift in Sources */ = {isa = PBXBuildFile; fileRef = BAEB5C652D6365C600EA25CC /* FeedLoaderStub.swift */; };
		BAEB5C682D63676200EA25CC /* XCTestCase+FeedLoader.swift in Sources */ = {isa = PBXBuildFile; fileRef = BAEB5C672D63676200EA25CC /* XCTestCase+FeedLoader.swift */; };
		BAEB5C6C2D6398BD00EA25CC /* FeedLoaderCacheDecorator.swift in Sources */ = {isa = PBXBuildFile; fileRef = BAEB5C6B2D6398BD00EA25CC /* FeedLoaderCacheDecorator.swift */; };
		BAEB5C6E2D63B0EA00EA25CC /* FeedImageDataLoaderCacheDecoratorTests.swift in Sources */ = {isa = PBXBuildFile; fileRef = BAEB5C6D2D63B0EA00EA25CC /* FeedImageDataLoaderCacheDecoratorTests.swift */; };
/* End PBXBuildFile section */

/* Begin PBXContainerItemProxy section */
		BAB1D5102D60CC0400A73AF1 /* PBXContainerItemProxy */ = {
			isa = PBXContainerItemProxy;
			containerPortal = BAB1D4E82D60CBB100A73AF1 /* Project object */;
			proxyType = 1;
			remoteGlobalIDString = BAB1D4EF2D60CBB100A73AF1;
			remoteInfo = EssentialApp;
		};
/* End PBXContainerItemProxy section */

/* Begin PBXCopyFilesBuildPhase section */
		BA765C742D6100CF000168F2 /* Embed Frameworks */ = {
			isa = PBXCopyFilesBuildPhase;
			buildActionMask = 2147483647;
			dstPath = "";
			dstSubfolderSpec = 10;
			files = (
				BA765C712D6100CF000168F2 /* EssentialFeed.framework in Embed Frameworks */,
				BA765C732D6100CF000168F2 /* EssentialFeediOS.framework in Embed Frameworks */,
			);
			name = "Embed Frameworks";
			runOnlyForDeploymentPostprocessing = 0;
		};
/* End PBXCopyFilesBuildPhase section */

/* Begin PBXFileReference section */
		BA5D4D052D620C43004355F8 /* AppDelegate.swift */ = {isa = PBXFileReference; lastKnownFileType = sourcecode.swift; path = AppDelegate.swift; sourceTree = "<group>"; };
		BA5D4D062D620C43004355F8 /* Assets.xcassets */ = {isa = PBXFileReference; lastKnownFileType = folder.assetcatalog; path = Assets.xcassets; sourceTree = "<group>"; };
		BA5D4D072D620C43004355F8 /* FeedLoaderWithFallbackComposite.swift */ = {isa = PBXFileReference; lastKnownFileType = sourcecode.swift; path = FeedLoaderWithFallbackComposite.swift; sourceTree = "<group>"; };
		BA5D4D082D620C43004355F8 /* Info.plist */ = {isa = PBXFileReference; lastKnownFileType = text.plist.xml; path = Info.plist; sourceTree = "<group>"; };
		BA5D4D092D620C43004355F8 /* Base */ = {isa = PBXFileReference; lastKnownFileType = file.storyboard; name = Base; path = Base.lproj/LaunchScreen.storyboard; sourceTree = "<group>"; };
		BA5D4D0B2D620C43004355F8 /* Base */ = {isa = PBXFileReference; lastKnownFileType = file.storyboard; name = Base; path = Base.lproj/Main.storyboard; sourceTree = "<group>"; };
		BA5D4D0D2D620C43004355F8 /* SceneDelegate.swift */ = {isa = PBXFileReference; lastKnownFileType = sourcecode.swift; path = SceneDelegate.swift; sourceTree = "<group>"; };
		BA5D4D0E2D620C43004355F8 /* ViewController.swift */ = {isa = PBXFileReference; lastKnownFileType = sourcecode.swift; path = ViewController.swift; sourceTree = "<group>"; };
		BA5D4D182D620C54004355F8 /* FeedLoaderWithFallbackCompositeTests.swift */ = {isa = PBXFileReference; lastKnownFileType = sourcecode.swift; path = FeedLoaderWithFallbackCompositeTests.swift; sourceTree = "<group>"; };
		BA5D4D1B2D620CE8004355F8 /* FeedImageDataLoaderWithFallbackCompositeTests.swift */ = {isa = PBXFileReference; lastKnownFileType = sourcecode.swift; path = FeedImageDataLoaderWithFallbackCompositeTests.swift; sourceTree = "<group>"; };
		BA5D4D1D2D622417004355F8 /* FeedImageDataLoaderWithFallbackComposite.swift */ = {isa = PBXFileReference; lastKnownFileType = sourcecode.swift; path = FeedImageDataLoaderWithFallbackComposite.swift; sourceTree = "<group>"; };
		BA5D4D222D622550004355F8 /* XCTestCase+MemoryLeakTracking.swift */ = {isa = PBXFileReference; lastKnownFileType = sourcecode.swift; path = "XCTestCase+MemoryLeakTracking.swift"; sourceTree = "<group>"; };
		BA5D4D252D622564004355F8 /* SharedTestHelpers.swift */ = {isa = PBXFileReference; lastKnownFileType = sourcecode.swift; path = SharedTestHelpers.swift; sourceTree = "<group>"; };
		BA765C6E2D6100CF000168F2 /* EssentialFeed.framework */ = {isa = PBXFileReference; explicitFileType = wrapper.framework; path = EssentialFeed.framework; sourceTree = BUILT_PRODUCTS_DIR; };
		BA765C6F2D6100CF000168F2 /* EssentialFeediOS.framework */ = {isa = PBXFileReference; explicitFileType = wrapper.framework; path = EssentialFeediOS.framework; sourceTree = BUILT_PRODUCTS_DIR; };
		BAB1D4F02D60CBB100A73AF1 /* EssentialApp.app */ = {isa = PBXFileReference; explicitFileType = wrapper.application; includeInIndex = 0; path = EssentialApp.app; sourceTree = BUILT_PRODUCTS_DIR; };
		BAB1D50C2D60CC0400A73AF1 /* EssentialAppTests.xctest */ = {isa = PBXFileReference; explicitFileType = wrapper.cfbundle; includeInIndex = 0; path = EssentialAppTests.xctest; sourceTree = BUILT_PRODUCTS_DIR; };
		BAEB5C632D635F9400EA25CC /* FeedLoaderCacheDecoratorTests.swift */ = {isa = PBXFileReference; lastKnownFileType = sourcecode.swift; path = FeedLoaderCacheDecoratorTests.swift; sourceTree = "<group>"; };
		BAEB5C652D6365C600EA25CC /* FeedLoaderStub.swift */ = {isa = PBXFileReference; lastKnownFileType = sourcecode.swift; path = FeedLoaderStub.swift; sourceTree = "<group>"; };
		BAEB5C672D63676200EA25CC /* XCTestCase+FeedLoader.swift */ = {isa = PBXFileReference; lastKnownFileType = sourcecode.swift; path = "XCTestCase+FeedLoader.swift"; sourceTree = "<group>"; };
		BAEB5C6B2D6398BD00EA25CC /* FeedLoaderCacheDecorator.swift */ = {isa = PBXFileReference; lastKnownFileType = sourcecode.swift; path = FeedLoaderCacheDecorator.swift; sourceTree = "<group>"; };
		BAEB5C6D2D63B0EA00EA25CC /* FeedImageDataLoaderCacheDecoratorTests.swift */ = {isa = PBXFileReference; lastKnownFileType = sourcecode.swift; path = FeedImageDataLoaderCacheDecoratorTests.swift; sourceTree = "<group>"; };
/* End PBXFileReference section */

/* Begin PBXFrameworksBuildPhase section */
		BAB1D4ED2D60CBB100A73AF1 /* Frameworks */ = {
			isa = PBXFrameworksBuildPhase;
			buildActionMask = 2147483647;
			files = (
				BA765C702D6100CF000168F2 /* EssentialFeed.framework in Frameworks */,
				BA765C722D6100CF000168F2 /* EssentialFeediOS.framework in Frameworks */,
			);
			runOnlyForDeploymentPostprocessing = 0;
		};
		BAB1D5092D60CC0400A73AF1 /* Frameworks */ = {
			isa = PBXFrameworksBuildPhase;
			buildActionMask = 2147483647;
			files = (
			);
			runOnlyForDeploymentPostprocessing = 0;
		};
/* End PBXFrameworksBuildPhase section */

/* Begin PBXGroup section */
		BA5D4D0F2D620C43004355F8 /* EssentialApp */ = {
			isa = PBXGroup;
			children = (
				BA5D4D052D620C43004355F8 /* AppDelegate.swift */,
				BA5D4D062D620C43004355F8 /* Assets.xcassets */,
				BA5D4D082D620C43004355F8 /* Info.plist */,
				BA5D4D0A2D620C43004355F8 /* LaunchScreen.storyboard */,
				BA5D4D0C2D620C43004355F8 /* Main.storyboard */,
				BA5D4D0D2D620C43004355F8 /* SceneDelegate.swift */,
				BA5D4D0E2D620C43004355F8 /* ViewController.swift */,
				BA5D4D072D620C43004355F8 /* FeedLoaderWithFallbackComposite.swift */,
				BAEB5C6B2D6398BD00EA25CC /* FeedLoaderCacheDecorator.swift */,
				BA5D4D1D2D622417004355F8 /* FeedImageDataLoaderWithFallbackComposite.swift */,
			);
			path = EssentialApp;
			sourceTree = "<group>";
		};
		BA5D4D192D620C54004355F8 /* EssentialAppTests */ = {
			isa = PBXGroup;
			children = (
				BA5D4D232D622550004355F8 /* Helpers */,
				BA5D4D182D620C54004355F8 /* FeedLoaderWithFallbackCompositeTests.swift */,
				BA5D4D1B2D620CE8004355F8 /* FeedImageDataLoaderWithFallbackCompositeTests.swift */,
				BAEB5C632D635F9400EA25CC /* FeedLoaderCacheDecoratorTests.swift */,
				BAEB5C6D2D63B0EA00EA25CC /* FeedImageDataLoaderCacheDecoratorTests.swift */,
			);
			path = EssentialAppTests;
			sourceTree = "<group>";
		};
		BA5D4D232D622550004355F8 /* Helpers */ = {
			isa = PBXGroup;
			children = (
				BA5D4D222D622550004355F8 /* XCTestCase+MemoryLeakTracking.swift */,
				BAEB5C672D63676200EA25CC /* XCTestCase+FeedLoader.swift */,
				BA5D4D252D622564004355F8 /* SharedTestHelpers.swift */,
				BAEB5C652D6365C600EA25CC /* FeedLoaderStub.swift */,
			);
			path = Helpers;
			sourceTree = "<group>";
		};
		BA765C6D2D6100CF000168F2 /* Frameworks */ = {
			isa = PBXGroup;
			children = (
				BA765C6E2D6100CF000168F2 /* EssentialFeed.framework */,
				BA765C6F2D6100CF000168F2 /* EssentialFeediOS.framework */,
			);
			name = Frameworks;
			sourceTree = "<group>";
		};
		BAB1D4E72D60CBB100A73AF1 = {
			isa = PBXGroup;
			children = (
				BA5D4D0F2D620C43004355F8 /* EssentialApp */,
				BA5D4D192D620C54004355F8 /* EssentialAppTests */,
				BA765C6D2D6100CF000168F2 /* Frameworks */,
				BAB1D4F12D60CBB100A73AF1 /* Products */,
			);
			sourceTree = "<group>";
		};
		BAB1D4F12D60CBB100A73AF1 /* Products */ = {
			isa = PBXGroup;
			children = (
				BAB1D4F02D60CBB100A73AF1 /* EssentialApp.app */,
				BAB1D50C2D60CC0400A73AF1 /* EssentialAppTests.xctest */,
			);
			name = Products;
			sourceTree = "<group>";
		};
/* End PBXGroup section */

/* Begin PBXNativeTarget section */
		BAB1D4EF2D60CBB100A73AF1 /* EssentialApp */ = {
			isa = PBXNativeTarget;
			buildConfigurationList = BAB1D5032D60CBB200A73AF1 /* Build configuration list for PBXNativeTarget "EssentialApp" */;
			buildPhases = (
				BAB1D4EC2D60CBB100A73AF1 /* Sources */,
				BAB1D4ED2D60CBB100A73AF1 /* Frameworks */,
				BAB1D4EE2D60CBB100A73AF1 /* Resources */,
				BA765C742D6100CF000168F2 /* Embed Frameworks */,
			);
			buildRules = (
			);
			dependencies = (
			);
			name = EssentialApp;
			packageProductDependencies = (
			);
			productName = EssentialApp;
			productReference = BAB1D4F02D60CBB100A73AF1 /* EssentialApp.app */;
			productType = "com.apple.product-type.application";
		};
		BAB1D50B2D60CC0400A73AF1 /* EssentialAppTests */ = {
			isa = PBXNativeTarget;
			buildConfigurationList = BAB1D5122D60CC0400A73AF1 /* Build configuration list for PBXNativeTarget "EssentialAppTests" */;
			buildPhases = (
				BAB1D5082D60CC0400A73AF1 /* Sources */,
				BAB1D5092D60CC0400A73AF1 /* Frameworks */,
				BAB1D50A2D60CC0400A73AF1 /* Resources */,
			);
			buildRules = (
			);
			dependencies = (
				BAB1D5112D60CC0400A73AF1 /* PBXTargetDependency */,
			);
			name = EssentialAppTests;
			packageProductDependencies = (
			);
			productName = EssentialAppTests;
			productReference = BAB1D50C2D60CC0400A73AF1 /* EssentialAppTests.xctest */;
			productType = "com.apple.product-type.bundle.unit-test";
		};
/* End PBXNativeTarget section */

/* Begin PBXProject section */
		BAB1D4E82D60CBB100A73AF1 /* Project object */ = {
			isa = PBXProject;
			attributes = {
				BuildIndependentTargetsInParallel = 1;
				LastSwiftUpdateCheck = 1620;
				LastUpgradeCheck = 1620;
				TargetAttributes = {
					BAB1D4EF2D60CBB100A73AF1 = {
						CreatedOnToolsVersion = 16.2;
					};
					BAB1D50B2D60CC0400A73AF1 = {
						CreatedOnToolsVersion = 16.2;
						TestTargetID = BAB1D4EF2D60CBB100A73AF1;
					};
				};
			};
			buildConfigurationList = BAB1D4EB2D60CBB100A73AF1 /* Build configuration list for PBXProject "EssentialApp" */;
			developmentRegion = en;
			hasScannedForEncodings = 0;
			knownRegions = (
				en,
				Base,
			);
			mainGroup = BAB1D4E72D60CBB100A73AF1;
			minimizedProjectReferenceProxies = 1;
			preferredProjectObjectVersion = 77;
			productRefGroup = BAB1D4F12D60CBB100A73AF1 /* Products */;
			projectDirPath = "";
			projectRoot = "";
			targets = (
				BAB1D4EF2D60CBB100A73AF1 /* EssentialApp */,
				BAB1D50B2D60CC0400A73AF1 /* EssentialAppTests */,
			);
		};
/* End PBXProject section */

/* Begin PBXResourcesBuildPhase section */
		BAB1D4EE2D60CBB100A73AF1 /* Resources */ = {
			isa = PBXResourcesBuildPhase;
			buildActionMask = 2147483647;
			files = (
				BA5D4D102D620C43004355F8 /* Assets.xcassets in Resources */,
				BA5D4D122D620C43004355F8 /* LaunchScreen.storyboard in Resources */,
				BA5D4D132D620C43004355F8 /* Main.storyboard in Resources */,
			);
			runOnlyForDeploymentPostprocessing = 0;
		};
		BAB1D50A2D60CC0400A73AF1 /* Resources */ = {
			isa = PBXResourcesBuildPhase;
			buildActionMask = 2147483647;
			files = (
			);
			runOnlyForDeploymentPostprocessing = 0;
		};
/* End PBXResourcesBuildPhase section */

/* Begin PBXSourcesBuildPhase section */
		BAB1D4EC2D60CBB100A73AF1 /* Sources */ = {
			isa = PBXSourcesBuildPhase;
			buildActionMask = 2147483647;
			files = (
				BA5D4D142D620C43004355F8 /* AppDelegate.swift in Sources */,
				BA5D4D152D620C43004355F8 /* FeedLoaderWithFallbackComposite.swift in Sources */,
				BA5D4D162D620C43004355F8 /* SceneDelegate.swift in Sources */,
				BAEB5C6C2D6398BD00EA25CC /* FeedLoaderCacheDecorator.swift in Sources */,
				BA5D4D172D620C43004355F8 /* ViewController.swift in Sources */,
				BA5D4D1E2D622417004355F8 /* FeedImageDataLoaderWithFallbackComposite.swift in Sources */,
			);
			runOnlyForDeploymentPostprocessing = 0;
		};
		BAB1D5082D60CC0400A73AF1 /* Sources */ = {
			isa = PBXSourcesBuildPhase;
			buildActionMask = 2147483647;
			files = (
				BA5D4D262D622564004355F8 /* SharedTestHelpers.swift in Sources */,
				BAEB5C6E2D63B0EA00EA25CC /* FeedImageDataLoaderCacheDecoratorTests.swift in Sources */,
				BAEB5C642D635F9400EA25CC /* FeedLoaderCacheDecoratorTests.swift in Sources */,
				BAEB5C682D63676200EA25CC /* XCTestCase+FeedLoader.swift in Sources */,
				BA5D4D1C2D620CE8004355F8 /* FeedImageDataLoaderWithFallbackCompositeTests.swift in Sources */,
				BA5D4D1A2D620C54004355F8 /* FeedLoaderWithFallbackCompositeTests.swift in Sources */,
				BAEB5C662D6365C600EA25CC /* FeedLoaderStub.swift in Sources */,
				BA5D4D242D622550004355F8 /* XCTestCase+MemoryLeakTracking.swift in Sources */,
			);
			runOnlyForDeploymentPostprocessing = 0;
		};
/* End PBXSourcesBuildPhase section */

/* Begin PBXTargetDependency section */
		BAB1D5112D60CC0400A73AF1 /* PBXTargetDependency */ = {
			isa = PBXTargetDependency;
			target = BAB1D4EF2D60CBB100A73AF1 /* EssentialApp */;
			targetProxy = BAB1D5102D60CC0400A73AF1 /* PBXContainerItemProxy */;
		};
/* End PBXTargetDependency section */

/* Begin PBXVariantGroup section */
		BA5D4D0A2D620C43004355F8 /* LaunchScreen.storyboard */ = {
			isa = PBXVariantGroup;
			children = (
				BA5D4D092D620C43004355F8 /* Base */,
			);
			name = LaunchScreen.storyboard;
			sourceTree = "<group>";
		};
		BA5D4D0C2D620C43004355F8 /* Main.storyboard */ = {
			isa = PBXVariantGroup;
			children = (
				BA5D4D0B2D620C43004355F8 /* Base */,
			);
			name = Main.storyboard;
			sourceTree = "<group>";
		};
/* End PBXVariantGroup section */

/* Begin XCBuildConfiguration section */
		BAB1D5042D60CBB200A73AF1 /* Debug */ = {
			isa = XCBuildConfiguration;
			buildSettings = {
				ASSETCATALOG_COMPILER_APPICON_NAME = AppIcon;
				ASSETCATALOG_COMPILER_GLOBAL_ACCENT_COLOR_NAME = AccentColor;
				CODE_SIGN_STYLE = Automatic;
				CURRENT_PROJECT_VERSION = 1;
				DEVELOPMENT_TEAM = BJ3L884KZL;
				GENERATE_INFOPLIST_FILE = YES;
				INFOPLIST_FILE = EssentialApp/Info.plist;
				INFOPLIST_KEY_UIApplicationSupportsIndirectInputEvents = YES;
				INFOPLIST_KEY_UILaunchStoryboardName = LaunchScreen;
				INFOPLIST_KEY_UIMainStoryboardFile = Main;
				INFOPLIST_KEY_UISupportedInterfaceOrientations = UIInterfaceOrientationPortrait;
				IPHONEOS_DEPLOYMENT_TARGET = 15.5;
				LD_RUNPATH_SEARCH_PATHS = (
					"$(inherited)",
					"@executable_path/Frameworks",
				);
				MARKETING_VERSION = 1.0;
				PRODUCT_BUNDLE_IDENTIFIER = com.zankov.EssentialApp;
				PRODUCT_NAME = "$(TARGET_NAME)";
				SWIFT_EMIT_LOC_STRINGS = YES;
				SWIFT_VERSION = 5.0;
				TARGETED_DEVICE_FAMILY = "1,2";
			};
			name = Debug;
		};
		BAB1D5052D60CBB200A73AF1 /* Release */ = {
			isa = XCBuildConfiguration;
			buildSettings = {
				ASSETCATALOG_COMPILER_APPICON_NAME = AppIcon;
				ASSETCATALOG_COMPILER_GLOBAL_ACCENT_COLOR_NAME = AccentColor;
				CODE_SIGN_STYLE = Automatic;
				CURRENT_PROJECT_VERSION = 1;
				DEVELOPMENT_TEAM = BJ3L884KZL;
				GENERATE_INFOPLIST_FILE = YES;
				INFOPLIST_FILE = EssentialApp/Info.plist;
				INFOPLIST_KEY_UIApplicationSupportsIndirectInputEvents = YES;
				INFOPLIST_KEY_UILaunchStoryboardName = LaunchScreen;
				INFOPLIST_KEY_UIMainStoryboardFile = Main;
				INFOPLIST_KEY_UISupportedInterfaceOrientations = UIInterfaceOrientationPortrait;
				IPHONEOS_DEPLOYMENT_TARGET = 15.5;
				LD_RUNPATH_SEARCH_PATHS = (
					"$(inherited)",
					"@executable_path/Frameworks",
				);
				MARKETING_VERSION = 1.0;
				PRODUCT_BUNDLE_IDENTIFIER = com.zankov.EssentialApp;
				PRODUCT_NAME = "$(TARGET_NAME)";
				SWIFT_EMIT_LOC_STRINGS = YES;
				SWIFT_VERSION = 5.0;
				TARGETED_DEVICE_FAMILY = "1,2";
			};
			name = Release;
		};
		BAB1D5062D60CBB200A73AF1 /* Debug */ = {
			isa = XCBuildConfiguration;
			buildSettings = {
				ALWAYS_SEARCH_USER_PATHS = NO;
				ASSETCATALOG_COMPILER_GENERATE_SWIFT_ASSET_SYMBOL_EXTENSIONS = YES;
				CLANG_ANALYZER_NONNULL = YES;
				CLANG_ANALYZER_NUMBER_OBJECT_CONVERSION = YES_AGGRESSIVE;
				CLANG_CXX_LANGUAGE_STANDARD = "gnu++20";
				CLANG_ENABLE_MODULES = YES;
				CLANG_ENABLE_OBJC_ARC = YES;
				CLANG_ENABLE_OBJC_WEAK = YES;
				CLANG_WARN_BLOCK_CAPTURE_AUTORELEASING = YES;
				CLANG_WARN_BOOL_CONVERSION = YES;
				CLANG_WARN_COMMA = YES;
				CLANG_WARN_CONSTANT_CONVERSION = YES;
				CLANG_WARN_DEPRECATED_OBJC_IMPLEMENTATIONS = YES;
				CLANG_WARN_DIRECT_OBJC_ISA_USAGE = YES_ERROR;
				CLANG_WARN_DOCUMENTATION_COMMENTS = YES;
				CLANG_WARN_EMPTY_BODY = YES;
				CLANG_WARN_ENUM_CONVERSION = YES;
				CLANG_WARN_INFINITE_RECURSION = YES;
				CLANG_WARN_INT_CONVERSION = YES;
				CLANG_WARN_NON_LITERAL_NULL_CONVERSION = YES;
				CLANG_WARN_OBJC_IMPLICIT_RETAIN_SELF = YES;
				CLANG_WARN_OBJC_LITERAL_CONVERSION = YES;
				CLANG_WARN_OBJC_ROOT_CLASS = YES_ERROR;
				CLANG_WARN_QUOTED_INCLUDE_IN_FRAMEWORK_HEADER = YES;
				CLANG_WARN_RANGE_LOOP_ANALYSIS = YES;
				CLANG_WARN_STRICT_PROTOTYPES = YES;
				CLANG_WARN_SUSPICIOUS_MOVE = YES;
				CLANG_WARN_UNGUARDED_AVAILABILITY = YES_AGGRESSIVE;
				CLANG_WARN_UNREACHABLE_CODE = YES;
				CLANG_WARN__DUPLICATE_METHOD_MATCH = YES;
				COPY_PHASE_STRIP = NO;
				DEBUG_INFORMATION_FORMAT = dwarf;
				ENABLE_STRICT_OBJC_MSGSEND = YES;
				ENABLE_TESTABILITY = YES;
				ENABLE_USER_SCRIPT_SANDBOXING = YES;
				GCC_C_LANGUAGE_STANDARD = gnu17;
				GCC_DYNAMIC_NO_PIC = NO;
				GCC_NO_COMMON_BLOCKS = YES;
				GCC_OPTIMIZATION_LEVEL = 0;
				GCC_PREPROCESSOR_DEFINITIONS = (
					"DEBUG=1",
					"$(inherited)",
				);
				GCC_WARN_64_TO_32_BIT_CONVERSION = YES;
				GCC_WARN_ABOUT_RETURN_TYPE = YES_ERROR;
				GCC_WARN_UNDECLARED_SELECTOR = YES;
				GCC_WARN_UNINITIALIZED_AUTOS = YES_AGGRESSIVE;
				GCC_WARN_UNUSED_FUNCTION = YES;
				GCC_WARN_UNUSED_VARIABLE = YES;
				IPHONEOS_DEPLOYMENT_TARGET = 15.5;
				LOCALIZATION_PREFERS_STRING_CATALOGS = YES;
				MTL_ENABLE_DEBUG_INFO = INCLUDE_SOURCE;
				MTL_FAST_MATH = YES;
				ONLY_ACTIVE_ARCH = YES;
				SDKROOT = iphoneos;
				SWIFT_ACTIVE_COMPILATION_CONDITIONS = "DEBUG $(inherited)";
				SWIFT_OPTIMIZATION_LEVEL = "-Onone";
			};
			name = Debug;
		};
		BAB1D5072D60CBB200A73AF1 /* Release */ = {
			isa = XCBuildConfiguration;
			buildSettings = {
				ALWAYS_SEARCH_USER_PATHS = NO;
				ASSETCATALOG_COMPILER_GENERATE_SWIFT_ASSET_SYMBOL_EXTENSIONS = YES;
				CLANG_ANALYZER_NONNULL = YES;
				CLANG_ANALYZER_NUMBER_OBJECT_CONVERSION = YES_AGGRESSIVE;
				CLANG_CXX_LANGUAGE_STANDARD = "gnu++20";
				CLANG_ENABLE_MODULES = YES;
				CLANG_ENABLE_OBJC_ARC = YES;
				CLANG_ENABLE_OBJC_WEAK = YES;
				CLANG_WARN_BLOCK_CAPTURE_AUTORELEASING = YES;
				CLANG_WARN_BOOL_CONVERSION = YES;
				CLANG_WARN_COMMA = YES;
				CLANG_WARN_CONSTANT_CONVERSION = YES;
				CLANG_WARN_DEPRECATED_OBJC_IMPLEMENTATIONS = YES;
				CLANG_WARN_DIRECT_OBJC_ISA_USAGE = YES_ERROR;
				CLANG_WARN_DOCUMENTATION_COMMENTS = YES;
				CLANG_WARN_EMPTY_BODY = YES;
				CLANG_WARN_ENUM_CONVERSION = YES;
				CLANG_WARN_INFINITE_RECURSION = YES;
				CLANG_WARN_INT_CONVERSION = YES;
				CLANG_WARN_NON_LITERAL_NULL_CONVERSION = YES;
				CLANG_WARN_OBJC_IMPLICIT_RETAIN_SELF = YES;
				CLANG_WARN_OBJC_LITERAL_CONVERSION = YES;
				CLANG_WARN_OBJC_ROOT_CLASS = YES_ERROR;
				CLANG_WARN_QUOTED_INCLUDE_IN_FRAMEWORK_HEADER = YES;
				CLANG_WARN_RANGE_LOOP_ANALYSIS = YES;
				CLANG_WARN_STRICT_PROTOTYPES = YES;
				CLANG_WARN_SUSPICIOUS_MOVE = YES;
				CLANG_WARN_UNGUARDED_AVAILABILITY = YES_AGGRESSIVE;
				CLANG_WARN_UNREACHABLE_CODE = YES;
				CLANG_WARN__DUPLICATE_METHOD_MATCH = YES;
				COPY_PHASE_STRIP = NO;
				DEBUG_INFORMATION_FORMAT = "dwarf-with-dsym";
				ENABLE_NS_ASSERTIONS = NO;
				ENABLE_STRICT_OBJC_MSGSEND = YES;
				ENABLE_USER_SCRIPT_SANDBOXING = YES;
				GCC_C_LANGUAGE_STANDARD = gnu17;
				GCC_NO_COMMON_BLOCKS = YES;
				GCC_WARN_64_TO_32_BIT_CONVERSION = YES;
				GCC_WARN_ABOUT_RETURN_TYPE = YES_ERROR;
				GCC_WARN_UNDECLARED_SELECTOR = YES;
				GCC_WARN_UNINITIALIZED_AUTOS = YES_AGGRESSIVE;
				GCC_WARN_UNUSED_FUNCTION = YES;
				GCC_WARN_UNUSED_VARIABLE = YES;
				IPHONEOS_DEPLOYMENT_TARGET = 15.5;
				LOCALIZATION_PREFERS_STRING_CATALOGS = YES;
				MTL_ENABLE_DEBUG_INFO = NO;
				MTL_FAST_MATH = YES;
				SDKROOT = iphoneos;
				SWIFT_COMPILATION_MODE = wholemodule;
				VALIDATE_PRODUCT = YES;
			};
			name = Release;
		};
		BAB1D5132D60CC0400A73AF1 /* Debug */ = {
			isa = XCBuildConfiguration;
			buildSettings = {
				BUNDLE_LOADER = "$(TEST_HOST)";
				CODE_SIGN_STYLE = Automatic;
				CURRENT_PROJECT_VERSION = 1;
				DEVELOPMENT_TEAM = BJ3L884KZL;
				GENERATE_INFOPLIST_FILE = YES;
				MARKETING_VERSION = 1.0;
				PRODUCT_BUNDLE_IDENTIFIER = com.zankov.EssentialAppTests;
				PRODUCT_NAME = "$(TARGET_NAME)";
				SWIFT_EMIT_LOC_STRINGS = NO;
				SWIFT_VERSION = 5.0;
				TARGETED_DEVICE_FAMILY = "1,2";
				TEST_HOST = "$(BUILT_PRODUCTS_DIR)/EssentialApp.app/$(BUNDLE_EXECUTABLE_FOLDER_PATH)/EssentialApp";
			};
			name = Debug;
		};
		BAB1D5142D60CC0400A73AF1 /* Release */ = {
			isa = XCBuildConfiguration;
			buildSettings = {
				BUNDLE_LOADER = "$(TEST_HOST)";
				CODE_SIGN_STYLE = Automatic;
				CURRENT_PROJECT_VERSION = 1;
				DEVELOPMENT_TEAM = BJ3L884KZL;
				GENERATE_INFOPLIST_FILE = YES;
				MARKETING_VERSION = 1.0;
				PRODUCT_BUNDLE_IDENTIFIER = com.zankov.EssentialAppTests;
				PRODUCT_NAME = "$(TARGET_NAME)";
				SWIFT_EMIT_LOC_STRINGS = NO;
				SWIFT_VERSION = 5.0;
				TARGETED_DEVICE_FAMILY = "1,2";
				TEST_HOST = "$(BUILT_PRODUCTS_DIR)/EssentialApp.app/$(BUNDLE_EXECUTABLE_FOLDER_PATH)/EssentialApp";
			};
			name = Release;
		};
/* End XCBuildConfiguration section */

/* Begin XCConfigurationList section */
		BAB1D4EB2D60CBB100A73AF1 /* Build configuration list for PBXProject "EssentialApp" */ = {
			isa = XCConfigurationList;
			buildConfigurations = (
				BAB1D5062D60CBB200A73AF1 /* Debug */,
				BAB1D5072D60CBB200A73AF1 /* Release */,
			);
			defaultConfigurationIsVisible = 0;
			defaultConfigurationName = Release;
		};
		BAB1D5032D60CBB200A73AF1 /* Build configuration list for PBXNativeTarget "EssentialApp" */ = {
			isa = XCConfigurationList;
			buildConfigurations = (
				BAB1D5042D60CBB200A73AF1 /* Debug */,
				BAB1D5052D60CBB200A73AF1 /* Release */,
			);
			defaultConfigurationIsVisible = 0;
			defaultConfigurationName = Release;
		};
		BAB1D5122D60CC0400A73AF1 /* Build configuration list for PBXNativeTarget "EssentialAppTests" */ = {
			isa = XCConfigurationList;
			buildConfigurations = (
				BAB1D5132D60CC0400A73AF1 /* Debug */,
				BAB1D5142D60CC0400A73AF1 /* Release */,
			);
			defaultConfigurationIsVisible = 0;
			defaultConfigurationName = Release;
		};
/* End XCConfigurationList section */
	};
	rootObject = BAB1D4E82D60CBB100A73AF1 /* Project object */;
}
